{
  "name": "stockpadi",
  "version": "0.1.0",
  "lockfileVersion": 3,
  "requires": true,
  "packages": {
    "": {
      "name": "stockpadi",
      "version": "0.1.0",
      "workspaces": [
        "packages/*"
      ],
      "engines": {
        "node": "24.x"
      }
    },
    "node_modules/@stockpadi/contracts": {
      "resolved": "packages/contracts",
      "link": true
    },
    "packages/contracts": {
      "name": "@stockpadi/contracts",
      "version": "0.1.0"
    }
  }
}
